
Microsoft Visual Studio Solution File, Format Version 12.00
# Visual Studio Version 16
VisualStudioVersion = 16.0.30204.135
MinimumVisualStudioVersion = 10.0.40219.1
Project("{FAE04EC0-301F-11D3-BF4B-00C04F79EFBC}") = "UnapecCaf", "UnapecCaf\UnapecCaf.csproj", "{67DA7D9A-450B-4B17-AF40-DBA9A60755A9}"
EndProject
Global
	GlobalSection(SolutionConfigurationPlatforms) = preSolution
		Debug|Any CPU = Debug|Any CPU
		Release|Any CPU = Release|Any CPU
	EndGlobalSection
	GlobalSection(ProjectConfigurationPlatforms) = postSolution
		{67DA7D9A-450B-4B17-AF40-DBA9A60755A9}.Debug|Any CPU.ActiveCfg = Debug|Any CPU
		{67DA7D9A-450B-4B17-AF40-DBA9A60755A9}.Debug|Any CPU.Build.0 = Debug|Any CPU
		{67DA7D9A-450B-4B17-AF40-DBA9A60755A9}.Release|Any CPU.ActiveCfg = Release|Any CPU
		{67DA7D9A-450B-4B17-AF40-DBA9A60755A9}.Release|Any CPU.Build.0 = Release|Any CPU
	EndGlobalSection
	GlobalSection(SolutionProperties) = preSolution
		HideSolutionNode = FALSE
	EndGlobalSection
	GlobalSection(ExtensibilityGlobals) = postSolution
		SolutionGuid = {3AA9DA30-12A9-4AFA-9C4B-8EF947F40AEF}
	EndGlobalSection
EndGlobal
